// !$*UTF8*$!
{
	archiveVersion = 1;
	classes = {
	};
	objectVersion = 46;
	objects = {

/* Begin PBXBuildFile section */
		9110043819D16000009541D0 /* Foundation.framework in Frameworks */ = {isa = PBXBuildFile; fileRef = 9110043719D16000009541D0 /* Foundation.framework */; };
		9110043A19D16000009541D0 /* CoreGraphics.framework in Frameworks */ = {isa = PBXBuildFile; fileRef = 9110043919D16000009541D0 /* CoreGraphics.framework */; };
		9110043C19D16000009541D0 /* UIKit.framework in Frameworks */ = {isa = PBXBuildFile; fileRef = 9110043B19D16000009541D0 /* UIKit.framework */; };
		9110044219D16000009541D0 /* InfoPlist.strings in Resources */ = {isa = PBXBuildFile; fileRef = 9110044019D16000009541D0 /* InfoPlist.strings */; };
		9110044419D16000009541D0 /* main.m in Sources */ = {isa = PBXBuildFile; fileRef = 9110044319D16000009541D0 /* main.m */; };
		9110044819D16000009541D0 /* MBAppDelegate.m in Sources */ = {isa = PBXBuildFile; fileRef = 9110044719D16000009541D0 /* MBAppDelegate.m */; };
		9110044B19D16000009541D0 /* Main.storyboard in Resources */ = {isa = PBXBuildFile; fileRef = 9110044919D16000009541D0 /* Main.storyboard */; };
		9110044E19D16000009541D0 /* MBViewController.m in Sources */ = {isa = PBXBuildFile; fileRef = 9110044D19D16000009541D0 /* MBViewController.m */; };
		9110045019D16000009541D0 /* Images.xcassets in Resources */ = {isa = PBXBuildFile; fileRef = 9110044F19D16000009541D0 /* Images.xcassets */; };
		9110045719D16000009541D0 /* XCTest.framework in Frameworks */ = {isa = PBXBuildFile; fileRef = 9110045619D16000009541D0 /* XCTest.framework */; };
		9110045819D16000009541D0 /* Foundation.framework in Frameworks */ = {isa = PBXBuildFile; fileRef = 9110043719D16000009541D0 /* Foundation.framework */; };
		9110045919D16000009541D0 /* UIKit.framework in Frameworks */ = {isa = PBXBuildFile; fileRef = 9110043B19D16000009541D0 /* UIKit.framework */; };
		9110046119D16000009541D0 /* InfoPlist.strings in Resources */ = {isa = PBXBuildFile; fileRef = 9110045F19D16000009541D0 /* InfoPlist.strings */; };
		9110046319D16000009541D0 /* MenuBuddyTests.m in Sources */ = {isa = PBXBuildFile; fileRef = 9110046219D16000009541D0 /* MenuBuddyTests.m */; };
		9110047119D16D62009541D0 /* MBNavigationController.m in Sources */ = {isa = PBXBuildFile; fileRef = 9110047019D16D62009541D0 /* MBNavigationController.m */; };
		9110047419D16DAA009541D0 /* MBTableViewController.m in Sources */ = {isa = PBXBuildFile; fileRef = 9110047319D16DAA009541D0 /* MBTableViewController.m */; };
		913C926E19F62EAB0075E04F /* machoPie.png in Resources */ = {isa = PBXBuildFile; fileRef = 913C926D19F62EAB0075E04F /* machoPie.png */; };
		913C927419F6304F0075E04F /* machoEggs.png in Resources */ = {isa = PBXBuildFile; fileRef = 913C926F19F6304F0075E04F /* machoEggs.png */; };
		913C927519F6304F0075E04F /* machoPizza.png in Resources */ = {isa = PBXBuildFile; fileRef = 913C927019F6304F0075E04F /* machoPizza.png */; };
		913C927619F6304F0075E04F /* machos.png in Resources */ = {isa = PBXBuildFile; fileRef = 913C927119F6304F0075E04F /* machos.png */; };
		913C927719F6304F0075E04F /* machoSalad.png in Resources */ = {isa = PBXBuildFile; fileRef = 913C927219F6304F0075E04F /* machoSalad.png */; };
		913C927819F6304F0075E04F /* machoSoup.png in Resources */ = {isa = PBXBuildFile; fileRef = 913C927319F6304F0075E04F /* machoSoup.png */; };
		91851A2519E0EC3A009C86D5 /* MBCountdownTimerButton.m in Sources */ = {isa = PBXBuildFile; fileRef = 91851A2419E0EC3A009C86D5 /* MBCountdownTimerButton.m */; };
		91851A3319E1177C009C86D5 /* play1.png in Resources */ = {isa = PBXBuildFile; fileRef = 91851A2F19E1177C009C86D5 /* play1.png */; };
		91851A3419E1177C009C86D5 /* sound.png in Resources */ = {isa = PBXBuildFile; fileRef = 91851A3019E1177C009C86D5 /* sound.png */; };
		918E2FB119EA30C7008B7B62 /* forward.png in Resources */ = {isa = PBXBuildFile; fileRef = 918E2FB019EA30C7008B7B62 /* forward.png */; };
		918E2FB319EA3117008B7B62 /* backward.png in Resources */ = {isa = PBXBuildFile; fileRef = 918E2FB219EA3117008B7B62 /* backward.png */; };
		918E2FB619EA323E008B7B62 /* MBRecipeInfoViewController.m in Sources */ = {isa = PBXBuildFile; fileRef = 918E2FB519EA323E008B7B62 /* MBRecipeInfoViewController.m */; };
		91A60C2C19F1E81A00BAB863 /* MBWebViewController.m in Sources */ = {isa = PBXBuildFile; fileRef = 91A60C2B19F1E81A00BAB863 /* MBWebViewController.m */; };
		91E7123E19DFA26E00EE4E46 /* MBRecipe.m in Sources */ = {isa = PBXBuildFile; fileRef = 91E7123D19DFA26E00EE4E46 /* MBRecipe.m */; };
		91E7124119DFA8D300EE4E46 /* MBCircleButton.m in Sources */ = {isa = PBXBuildFile; fileRef = 91E7124019DFA8D300EE4E46 /* MBCircleButton.m */; };
		91E7124319DFCB4F00EE4E46 /* AVFoundation.framework in Frameworks */ = {isa = PBXBuildFile; fileRef = 91E7124219DFCB4F00EE4E46 /* AVFoundation.framework */; };
/* End PBXBuildFile section */

/* Begin PBXContainerItemProxy section */
		9110045A19D16000009541D0 /* PBXContainerItemProxy */ = {
			isa = PBXContainerItemProxy;
			containerPortal = 9110042C19D16000009541D0 /* Project object */;
			proxyType = 1;
			remoteGlobalIDString = 9110043319D16000009541D0;
			remoteInfo = MenuBuddy;
		};
/* End PBXContainerItemProxy section */

/* Begin PBXFileReference section */
		9110043419D16000009541D0 /* MenuBuddy.app */ = {isa = PBXFileReference; explicitFileType = wrapper.application; includeInIndex = 0; path = MenuBuddy.app; sourceTree = BUILT_PRODUCTS_DIR; };
		9110043719D16000009541D0 /* Foundation.framework */ = {isa = PBXFileReference; lastKnownFileType = wrapper.framework; name = Foundation.framework; path = System/Library/Frameworks/Foundation.framework; sourceTree = SDKROOT; };
		9110043919D16000009541D0 /* CoreGraphics.framework */ = {isa = PBXFileReference; lastKnownFileType = wrapper.framework; name = CoreGraphics.framework; path = System/Library/Frameworks/CoreGraphics.framework; sourceTree = SDKROOT; };
		9110043B19D16000009541D0 /* UIKit.framework */ = {isa = PBXFileReference; lastKnownFileType = wrapper.framework; name = UIKit.framework; path = System/Library/Frameworks/UIKit.framework; sourceTree = SDKROOT; };
		9110043F19D16000009541D0 /* MenuBuddy-Info.plist */ = {isa = PBXFileReference; lastKnownFileType = text.plist.xml; path = "MenuBuddy-Info.plist"; sourceTree = "<group>"; };
		9110044119D16000009541D0 /* en */ = {isa = PBXFileReference; lastKnownFileType = text.plist.strings; name = en; path = en.lproj/InfoPlist.strings; sourceTree = "<group>"; };
		9110044319D16000009541D0 /* main.m */ = {isa = PBXFileReference; lastKnownFileType = sourcecode.c.objc; path = main.m; sourceTree = "<group>"; };
		9110044519D16000009541D0 /* MenuBuddy-Prefix.pch */ = {isa = PBXFileReference; lastKnownFileType = sourcecode.c.h; path = "MenuBuddy-Prefix.pch"; sourceTree = "<group>"; };
		9110044619D16000009541D0 /* MBAppDelegate.h */ = {isa = PBXFileReference; lastKnownFileType = sourcecode.c.h; path = MBAppDelegate.h; sourceTree = "<group>"; };
		9110044719D16000009541D0 /* MBAppDelegate.m */ = {isa = PBXFileReference; lastKnownFileType = sourcecode.c.objc; path = MBAppDelegate.m; sourceTree = "<group>"; };
		9110044A19D16000009541D0 /* Base */ = {isa = PBXFileReference; lastKnownFileType = file.storyboard; name = Base; path = Base.lproj/Main.storyboard; sourceTree = "<group>"; };
		9110044C19D16000009541D0 /* MBViewController.h */ = {isa = PBXFileReference; lastKnownFileType = sourcecode.c.h; path = MBViewController.h; sourceTree = "<group>"; };
		9110044D19D16000009541D0 /* MBViewController.m */ = {isa = PBXFileReference; lastKnownFileType = sourcecode.c.objc; path = MBViewController.m; sourceTree = "<group>"; };
		9110044F19D16000009541D0 /* Images.xcassets */ = {isa = PBXFileReference; lastKnownFileType = folder.assetcatalog; path = Images.xcassets; sourceTree = "<group>"; };
		9110045519D16000009541D0 /* MenuBuddyTests.xctest */ = {isa = PBXFileReference; explicitFileType = wrapper.cfbundle; includeInIndex = 0; path = MenuBuddyTests.xctest; sourceTree = BUILT_PRODUCTS_DIR; };
		9110045619D16000009541D0 /* XCTest.framework */ = {isa = PBXFileReference; lastKnownFileType = wrapper.framework; name = XCTest.framework; path = Library/Frameworks/XCTest.framework; sourceTree = DEVELOPER_DIR; };
		9110045E19D16000009541D0 /* MenuBuddyTests-Info.plist */ = {isa = PBXFileReference; lastKnownFileType = text.plist.xml; path = "MenuBuddyTests-Info.plist"; sourceTree = "<group>"; };
		9110046019D16000009541D0 /* en */ = {isa = PBXFileReference; lastKnownFileType = text.plist.strings; name = en; path = en.lproj/InfoPlist.strings; sourceTree = "<group>"; };
		9110046219D16000009541D0 /* MenuBuddyTests.m */ = {isa = PBXFileReference; lastKnownFileType = sourcecode.c.objc; path = MenuBuddyTests.m; sourceTree = "<group>"; };
		9110046F19D16D62009541D0 /* MBNavigationController.h */ = {isa = PBXFileReference; fileEncoding = 4; lastKnownFileType = sourcecode.c.h; path = MBNavigationController.h; sourceTree = "<group>"; };
		9110047019D16D62009541D0 /* MBNavigationController.m */ = {isa = PBXFileReference; fileEncoding = 4; lastKnownFileType = sourcecode.c.objc; path = MBNavigationController.m; sourceTree = "<group>"; };
		9110047219D16DAA009541D0 /* MBTableViewController.h */ = {isa = PBXFileReference; fileEncoding = 4; lastKnownFileType = sourcecode.c.h; path = MBTableViewController.h; sourceTree = "<group>"; };
		9110047319D16DAA009541D0 /* MBTableViewController.m */ = {isa = PBXFileReference; fileEncoding = 4; lastKnownFileType = sourcecode.c.objc; path = MBTableViewController.m; sourceTree = "<group>"; };
		913C926D19F62EAB0075E04F /* machoPie.png */ = {isa = PBXFileReference; lastKnownFileType = image.png; path = machoPie.png; sourceTree = "<group>"; };
		913C926F19F6304F0075E04F /* machoEggs.png */ = {isa = PBXFileReference; lastKnownFileType = image.png; path = machoEggs.png; sourceTree = "<group>"; };
		913C927019F6304F0075E04F /* machoPizza.png */ = {isa = PBXFileReference; lastKnownFileType = image.png; path = machoPizza.png; sourceTree = "<group>"; };
		913C927119F6304F0075E04F /* machos.png */ = {isa = PBXFileReference; lastKnownFileType = image.png; path = machos.png; sourceTree = "<group>"; };
		913C927219F6304F0075E04F /* machoSalad.png */ = {isa = PBXFileReference; lastKnownFileType = image.png; path = machoSalad.png; sourceTree = "<group>"; };
		913C927319F6304F0075E04F /* machoSoup.png */ = {isa = PBXFileReference; lastKnownFileType = image.png; path = machoSoup.png; sourceTree = "<group>"; };
		91851A2319E0EC3A009C86D5 /* MBCountdownTimerButton.h */ = {isa = PBXFileReference; fileEncoding = 4; lastKnownFileType = sourcecode.c.h; path = MBCountdownTimerButton.h; sourceTree = "<group>"; };
		91851A2419E0EC3A009C86D5 /* MBCountdownTimerButton.m */ = {isa = PBXFileReference; fileEncoding = 4; lastKnownFileType = sourcecode.c.objc; path = MBCountdownTimerButton.m; sourceTree = "<group>"; };
		91851A2F19E1177C009C86D5 /* play1.png */ = {isa = PBXFileReference; lastKnownFileType = image.png; name = play1.png; path = images/play1.png; sourceTree = "<group>"; };
		91851A3019E1177C009C86D5 /* sound.png */ = {isa = PBXFileReference; lastKnownFileType = image.png; name = sound.png; path = images/sound.png; sourceTree = "<group>"; };
		918E2FB019EA30C7008B7B62 /* forward.png */ = {isa = PBXFileReference; lastKnownFileType = image.png; name = forward.png; path = images/forward.png; sourceTree = "<group>"; };
		918E2FB219EA3117008B7B62 /* backward.png */ = {isa = PBXFileReference; lastKnownFileType = image.png; name = backward.png; path = images/backward.png; sourceTree = "<group>"; };
		918E2FB419EA323E008B7B62 /* MBRecipeInfoViewController.h */ = {isa = PBXFileReference; fileEncoding = 4; lastKnownFileType = sourcecode.c.h; path = MBRecipeInfoViewController.h; sourceTree = "<group>"; };
		918E2FB519EA323E008B7B62 /* MBRecipeInfoViewController.m */ = {isa = PBXFileReference; fileEncoding = 4; lastKnownFileType = sourcecode.c.objc; path = MBRecipeInfoViewController.m; sourceTree = "<group>"; };
		91A60C2A19F1E81A00BAB863 /* MBWebViewController.h */ = {isa = PBXFileReference; fileEncoding = 4; lastKnownFileType = sourcecode.c.h; path = MBWebViewController.h; sourceTree = "<group>"; };
		91A60C2B19F1E81A00BAB863 /* MBWebViewController.m */ = {isa = PBXFileReference; fileEncoding = 4; lastKnownFileType = sourcecode.c.objc; path = MBWebViewController.m; sourceTree = "<group>"; };
		91E7123C19DFA26E00EE4E46 /* MBRecipe.h */ = {isa = PBXFileReference; fileEncoding = 4; lastKnownFileType = sourcecode.c.h; path = MBRecipe.h; sourceTree = "<group>"; };
		91E7123D19DFA26E00EE4E46 /* MBRecipe.m */ = {isa = PBXFileReference; fileEncoding = 4; lastKnownFileType = sourcecode.c.objc; path = MBRecipe.m; sourceTree = "<group>"; };
		91E7123F19DFA8D300EE4E46 /* MBCircleButton.h */ = {isa = PBXFileReference; fileEncoding = 4; lastKnownFileType = sourcecode.c.h; path = MBCircleButton.h; sourceTree = "<group>"; };
		91E7124019DFA8D300EE4E46 /* MBCircleButton.m */ = {isa = PBXFileReference; fileEncoding = 4; lastKnownFileType = sourcecode.c.objc; path = MBCircleButton.m; sourceTree = "<group>"; };
		91E7124219DFCB4F00EE4E46 /* AVFoundation.framework */ = {isa = PBXFileReference; lastKnownFileType = wrapper.framework; name = AVFoundation.framework; path = System/Library/Frameworks/AVFoundation.framework; sourceTree = SDKROOT; };
/* End PBXFileReference section */

/* Begin PBXFrameworksBuildPhase section */
		9110043119D16000009541D0 /* Frameworks */ = {
			isa = PBXFrameworksBuildPhase;
			buildActionMask = 2147483647;
			files = (
				91E7124319DFCB4F00EE4E46 /* AVFoundation.framework in Frameworks */,
				9110043A19D16000009541D0 /* CoreGraphics.framework in Frameworks */,
				9110043C19D16000009541D0 /* UIKit.framework in Frameworks */,
				9110043819D16000009541D0 /* Foundation.framework in Frameworks */,
			);
			runOnlyForDeploymentPostprocessing = 0;
		};
		9110045219D16000009541D0 /* Frameworks */ = {
			isa = PBXFrameworksBuildPhase;
			buildActionMask = 2147483647;
			files = (
				9110045719D16000009541D0 /* XCTest.framework in Frameworks */,
				9110045919D16000009541D0 /* UIKit.framework in Frameworks */,
				9110045819D16000009541D0 /* Foundation.framework in Frameworks */,
			);
			runOnlyForDeploymentPostprocessing = 0;
		};
/* End PBXFrameworksBuildPhase section */

/* Begin PBXGroup section */
		9110042B19D16000009541D0 = {
			isa = PBXGroup;
			children = (
				9110043D19D16000009541D0 /* MenuBuddy */,
				91851A2719E105D5009C86D5 /* Resources */,
				9110045C19D16000009541D0 /* MenuBuddyTests */,
				9110043619D16000009541D0 /* Frameworks */,
				9110043519D16000009541D0 /* Products */,
			);
			sourceTree = "<group>";
		};
		9110043519D16000009541D0 /* Products */ = {
			isa = PBXGroup;
			children = (
				9110043419D16000009541D0 /* MenuBuddy.app */,
				9110045519D16000009541D0 /* MenuBuddyTests.xctest */,
			);
			name = Products;
			sourceTree = "<group>";
		};
		9110043619D16000009541D0 /* Frameworks */ = {
			isa = PBXGroup;
			children = (
				91E7124219DFCB4F00EE4E46 /* AVFoundation.framework */,
				9110043719D16000009541D0 /* Foundation.framework */,
				9110043919D16000009541D0 /* CoreGraphics.framework */,
				9110043B19D16000009541D0 /* UIKit.framework */,
				9110045619D16000009541D0 /* XCTest.framework */,
			);
			name = Frameworks;
			sourceTree = "<group>";
		};
		9110043D19D16000009541D0 /* MenuBuddy */ = {
			isa = PBXGroup;
			children = (
				913C927919F6325C0075E04F /* Data */,
				9110046E19D16049009541D0 /* Utilities */,
				9110046D19D16026009541D0 /* Models */,
				9110046C19D1601B009541D0 /* Views */,
				9110044619D16000009541D0 /* MBAppDelegate.h */,
				9110044719D16000009541D0 /* MBAppDelegate.m */,
				9110044F19D16000009541D0 /* Images.xcassets */,
				9110043E19D16000009541D0 /* Supporting Files */,
			);
			path = MenuBuddy;
			sourceTree = "<group>";
		};
		9110043E19D16000009541D0 /* Supporting Files */ = {
			isa = PBXGroup;
			children = (
				9110043F19D16000009541D0 /* MenuBuddy-Info.plist */,
				9110044019D16000009541D0 /* InfoPlist.strings */,
				9110044319D16000009541D0 /* main.m */,
				9110044519D16000009541D0 /* MenuBuddy-Prefix.pch */,
			);
			name = "Supporting Files";
			sourceTree = "<group>";
		};
		9110045C19D16000009541D0 /* MenuBuddyTests */ = {
			isa = PBXGroup;
			children = (
				9110046219D16000009541D0 /* MenuBuddyTests.m */,
				9110045D19D16000009541D0 /* Supporting Files */,
			);
			path = MenuBuddyTests;
			sourceTree = "<group>";
		};
		9110045D19D16000009541D0 /* Supporting Files */ = {
			isa = PBXGroup;
			children = (
				9110045E19D16000009541D0 /* MenuBuddyTests-Info.plist */,
				9110045F19D16000009541D0 /* InfoPlist.strings */,
			);
			name = "Supporting Files";
			sourceTree = "<group>";
		};
		9110046C19D1601B009541D0 /* Views */ = {
			isa = PBXGroup;
			children = (
				9110044919D16000009541D0 /* Main.storyboard */,
				91E7123F19DFA8D300EE4E46 /* MBCircleButton.h */,
				91E7124019DFA8D300EE4E46 /* MBCircleButton.m */,
				9110044C19D16000009541D0 /* MBViewController.h */,
				9110044D19D16000009541D0 /* MBViewController.m */,
				9110046F19D16D62009541D0 /* MBNavigationController.h */,
				9110047019D16D62009541D0 /* MBNavigationController.m */,
				9110047219D16DAA009541D0 /* MBTableViewController.h */,
				9110047319D16DAA009541D0 /* MBTableViewController.m */,
				91851A2319E0EC3A009C86D5 /* MBCountdownTimerButton.h */,
				91851A2419E0EC3A009C86D5 /* MBCountdownTimerButton.m */,
				918E2FB419EA323E008B7B62 /* MBRecipeInfoViewController.h */,
				918E2FB519EA323E008B7B62 /* MBRecipeInfoViewController.m */,
				91A60C2A19F1E81A00BAB863 /* MBWebViewController.h */,
				91A60C2B19F1E81A00BAB863 /* MBWebViewController.m */,
			);
			name = Views;
			sourceTree = "<group>";
		};
		9110046D19D16026009541D0 /* Models */ = {
			isa = PBXGroup;
			children = (
				91E7123C19DFA26E00EE4E46 /* MBRecipe.h */,
				91E7123D19DFA26E00EE4E46 /* MBRecipe.m */,
			);
			name = Models;
			sourceTree = "<group>";
		};
		9110046E19D16049009541D0 /* Utilities */ = {
			isa = PBXGroup;
			children = (
			);
			name = Utilities;
			sourceTree = "<group>";
		};
		913C927919F6325C0075E04F /* Data */ = {
			isa = PBXGroup;
			children = (
			);
			name = Data;
			sourceTree = "<group>";
		};
		917078AC19F4F4D600DCF811 /* RecipeThumbnails */ = {
			isa = PBXGroup;
			children = (
				913C926F19F6304F0075E04F /* machoEggs.png */,
				913C927019F6304F0075E04F /* machoPizza.png */,
				913C927119F6304F0075E04F /* machos.png */,
				913C927219F6304F0075E04F /* machoSalad.png */,
				913C927319F6304F0075E04F /* machoSoup.png */,
				913C926D19F62EAB0075E04F /* machoPie.png */,
			);
			name = RecipeThumbnails;
			sourceTree = "<group>";
		};
		91851A2719E105D5009C86D5 /* Resources */ = {
			isa = PBXGroup;
			children = (
				91851A2819E105E2009C86D5 /* Images */,
			);
			name = Resources;
			path = MenuBuddy;
			sourceTree = "<group>";
		};
		91851A2819E105E2009C86D5 /* Images */ = {
			isa = PBXGroup;
			children = (
				917078AC19F4F4D600DCF811 /* RecipeThumbnails */,
				918E2FB219EA3117008B7B62 /* backward.png */,
				918E2FB019EA30C7008B7B62 /* forward.png */,
				91851A2F19E1177C009C86D5 /* play1.png */,
				91851A3019E1177C009C86D5 /* sound.png */,
			);
			name = Images;
			sourceTree = "<group>";
		};
/* End PBXGroup section */

/* Begin PBXNativeTarget section */
		9110043319D16000009541D0 /* MenuBuddy */ = {
			isa = PBXNativeTarget;
			buildConfigurationList = 9110046619D16000009541D0 /* Build configuration list for PBXNativeTarget "MenuBuddy" */;
			buildPhases = (
				9110043019D16000009541D0 /* Sources */,
				9110043119D16000009541D0 /* Frameworks */,
				9110043219D16000009541D0 /* Resources */,
			);
			buildRules = (
			);
			dependencies = (
			);
			name = MenuBuddy;
			productName = MenuBuddy;
			productReference = 9110043419D16000009541D0 /* MenuBuddy.app */;
			productType = "com.apple.product-type.application";
		};
		9110045419D16000009541D0 /* MenuBuddyTests */ = {
			isa = PBXNativeTarget;
			buildConfigurationList = 9110046919D16000009541D0 /* Build configuration list for PBXNativeTarget "MenuBuddyTests" */;
			buildPhases = (
				9110045119D16000009541D0 /* Sources */,
				9110045219D16000009541D0 /* Frameworks */,
				9110045319D16000009541D0 /* Resources */,
			);
			buildRules = (
			);
			dependencies = (
				9110045B19D16000009541D0 /* PBXTargetDependency */,
			);
			name = MenuBuddyTests;
			productName = MenuBuddyTests;
			productReference = 9110045519D16000009541D0 /* MenuBuddyTests.xctest */;
			productType = "com.apple.product-type.bundle.unit-test";
		};
/* End PBXNativeTarget section */

/* Begin PBXProject section */
		9110042C19D16000009541D0 /* Project object */ = {
			isa = PBXProject;
			attributes = {
				CLASSPREFIX = MB;
				LastUpgradeCheck = 0510;
				ORGANIZATIONNAME = "Matthew Farley";
				TargetAttributes = {
					9110045419D16000009541D0 = {
						TestTargetID = 9110043319D16000009541D0;
					};
				};
			};
			buildConfigurationList = 9110042F19D16000009541D0 /* Build configuration list for PBXProject "MenuBuddy" */;
			compatibilityVersion = "Xcode 3.2";
			developmentRegion = English;
			hasScannedForEncodings = 0;
			knownRegions = (
				en,
				Base,
			);
			mainGroup = 9110042B19D16000009541D0;
			productRefGroup = 9110043519D16000009541D0 /* Products */;
			projectDirPath = "";
			projectRoot = "";
			targets = (
				9110043319D16000009541D0 /* MenuBuddy */,
				9110045419D16000009541D0 /* MenuBuddyTests */,
			);
		};
/* End PBXProject section */

/* Begin PBXResourcesBuildPhase section */
		9110043219D16000009541D0 /* Resources */ = {
			isa = PBXResourcesBuildPhase;
			buildActionMask = 2147483647;
			files = (
				913C927619F6304F0075E04F /* machos.png in Resources */,
				9110045019D16000009541D0 /* Images.xcassets in Resources */,
				913C927719F6304F0075E04F /* machoSalad.png in Resources */,
				913C927819F6304F0075E04F /* machoSoup.png in Resources */,
				9110044219D16000009541D0 /* InfoPlist.strings in Resources */,
				918E2FB319EA3117008B7B62 /* backward.png in Resources */,
				913C926E19F62EAB0075E04F /* machoPie.png in Resources */,
				91851A3319E1177C009C86D5 /* play1.png in Resources */,
				913C927419F6304F0075E04F /* machoEggs.png in Resources */,
				913C927519F6304F0075E04F /* machoPizza.png in Resources */,
				918E2FB119EA30C7008B7B62 /* forward.png in Resources */,
				91851A3419E1177C009C86D5 /* sound.png in Resources */,
				9110044B19D16000009541D0 /* Main.storyboard in Resources */,
			);
			runOnlyForDeploymentPostprocessing = 0;
		};
		9110045319D16000009541D0 /* Resources */ = {
			isa = PBXResourcesBuildPhase;
			buildActionMask = 2147483647;
			files = (
				9110046119D16000009541D0 /* InfoPlist.strings in Resources */,
			);
			runOnlyForDeploymentPostprocessing = 0;
		};
/* End PBXResourcesBuildPhase section */

/* Begin PBXSourcesBuildPhase section */
		9110043019D16000009541D0 /* Sources */ = {
			isa = PBXSourcesBuildPhase;
			buildActionMask = 2147483647;
			files = (
				91851A2519E0EC3A009C86D5 /* MBCountdownTimerButton.m in Sources */,
				91E7123E19DFA26E00EE4E46 /* MBRecipe.m in Sources */,
				91E7124119DFA8D300EE4E46 /* MBCircleButton.m in Sources */,
				918E2FB619EA323E008B7B62 /* MBRecipeInfoViewController.m in Sources */,
				9110047419D16DAA009541D0 /* MBTableViewController.m in Sources */,
				9110044419D16000009541D0 /* main.m in Sources */,
				9110044E19D16000009541D0 /* MBViewController.m in Sources */,
				9110047119D16D62009541D0 /* MBNavigationController.m in Sources */,
				91A60C2C19F1E81A00BAB863 /* MBWebViewController.m in Sources */,
				9110044819D16000009541D0 /* MBAppDelegate.m in Sources */,
			);
			runOnlyForDeploymentPostprocessing = 0;
		};
		9110045119D16000009541D0 /* Sources */ = {
			isa = PBXSourcesBuildPhase;
			buildActionMask = 2147483647;
			files = (
				9110046319D16000009541D0 /* MenuBuddyTests.m in Sources */,
			);
			runOnlyForDeploymentPostprocessing = 0;
		};
/* End PBXSourcesBuildPhase section */

/* Begin PBXTargetDependency section */
		9110045B19D16000009541D0 /* PBXTargetDependency */ = {
			isa = PBXTargetDependency;
			target = 9110043319D16000009541D0 /* MenuBuddy */;
			targetProxy = 9110045A19D16000009541D0 /* PBXContainerItemProxy */;
		};
/* End PBXTargetDependency section */

/* Begin PBXVariantGroup section */
		9110044019D16000009541D0 /* InfoPlist.strings */ = {
			isa = PBXVariantGroup;
			children = (
				9110044119D16000009541D0 /* en */,
			);
			name = InfoPlist.strings;
			sourceTree = "<group>";
		};
		9110044919D16000009541D0 /* Main.storyboard */ = {
			isa = PBXVariantGroup;
			children = (
				9110044A19D16000009541D0 /* Base */,
			);
			name = Main.storyboard;
			sourceTree = "<group>";
		};
		9110045F19D16000009541D0 /* InfoPlist.strings */ = {
			isa = PBXVariantGroup;
			children = (
				9110046019D16000009541D0 /* en */,
			);
			name = InfoPlist.strings;
			sourceTree = "<group>";
		};
/* End PBXVariantGroup section */

/* Begin XCBuildConfiguration section */
		9110046419D16000009541D0 /* Debug */ = {
			isa = XCBuildConfiguration;
			buildSettings = {
				ALWAYS_SEARCH_USER_PATHS = NO;
				CLANG_CXX_LANGUAGE_STANDARD = "gnu++0x";
				CLANG_CXX_LIBRARY = "libc++";
				CLANG_ENABLE_MODULES = YES;
				CLANG_ENABLE_OBJC_ARC = YES;
				CLANG_WARN_BOOL_CONVERSION = YES;
				CLANG_WARN_CONSTANT_CONVERSION = YES;
				CLANG_WARN_DIRECT_OBJC_ISA_USAGE = YES_ERROR;
				CLANG_WARN_EMPTY_BODY = YES;
				CLANG_WARN_ENUM_CONVERSION = YES;
				CLANG_WARN_INT_CONVERSION = YES;
				CLANG_WARN_OBJC_ROOT_CLASS = YES_ERROR;
				CLANG_WARN__DUPLICATE_METHOD_MATCH = YES;
				"CODE_SIGN_IDENTITY[sdk=iphoneos*]" = "iPhone Developer";
				COPY_PHASE_STRIP = NO;
				GCC_C_LANGUAGE_STANDARD = gnu99;
				GCC_DYNAMIC_NO_PIC = NO;
				GCC_OPTIMIZATION_LEVEL = 0;
				GCC_PREPROCESSOR_DEFINITIONS = (
					"DEBUG=1",
					"$(inherited)",
				);
				GCC_SYMBOLS_PRIVATE_EXTERN = NO;
				GCC_WARN_64_TO_32_BIT_CONVERSION = YES;
				GCC_WARN_ABOUT_RETURN_TYPE = YES_ERROR;
				GCC_WARN_UNDECLARED_SELECTOR = YES;
				GCC_WARN_UNINITIALIZED_AUTOS = YES_AGGRESSIVE;
				GCC_WARN_UNUSED_FUNCTION = YES;
				GCC_WARN_UNUSED_VARIABLE = YES;
				IPHONEOS_DEPLOYMENT_TARGET = 7.1;
				ONLY_ACTIVE_ARCH = YES;
				SDKROOT = iphoneos;
			};
			name = Debug;
		};
		9110046519D16000009541D0 /* Release */ = {
			isa = XCBuildConfiguration;
			buildSettings = {
				ALWAYS_SEARCH_USER_PATHS = NO;
				CLANG_CXX_LANGUAGE_STANDARD = "gnu++0x";
				CLANG_CXX_LIBRARY = "libc++";
				CLANG_ENABLE_MODULES = YES;
				CLANG_ENABLE_OBJC_ARC = YES;
				CLANG_WARN_BOOL_CONVERSION = YES;
				CLANG_WARN_CONSTANT_CONVERSION = YES;
				CLANG_WARN_DIRECT_OBJC_ISA_USAGE = YES_ERROR;
				CLANG_WARN_EMPTY_BODY = YES;
				CLANG_WARN_ENUM_CONVERSION = YES;
				CLANG_WARN_INT_CONVERSION = YES;
				CLANG_WARN_OBJC_ROOT_CLASS = YES_ERROR;
				CLANG_WARN__DUPLICATE_METHOD_MATCH = YES;
				"CODE_SIGN_IDENTITY[sdk=iphoneos*]" = "iPhone Developer";
				COPY_PHASE_STRIP = YES;
				ENABLE_NS_ASSERTIONS = NO;
				GCC_C_LANGUAGE_STANDARD = gnu99;
				GCC_WARN_64_TO_32_BIT_CONVERSION = YES;
				GCC_WARN_ABOUT_RETURN_TYPE = YES_ERROR;
				GCC_WARN_UNDECLARED_SELECTOR = YES;
				GCC_WARN_UNINITIALIZED_AUTOS = YES_AGGRESSIVE;
				GCC_WARN_UNUSED_FUNCTION = YES;
				GCC_WARN_UNUSED_VARIABLE = YES;
				IPHONEOS_DEPLOYMENT_TARGET = 7.1;
				SDKROOT = iphoneos;
				VALIDATE_PRODUCT = YES;
			};
			name = Release;
		};
		9110046719D16000009541D0 /* Debug */ = {
			isa = XCBuildConfiguration;
			buildSettings = {
				ASSETCATALOG_COMPILER_APPICON_NAME = AppIcon;
				ASSETCATALOG_COMPILER_LAUNCHIMAGE_NAME = LaunchImage;
				GCC_PRECOMPILE_PREFIX_HEADER = YES;
				GCC_PREFIX_HEADER = "MenuBuddy/MenuBuddy-Prefix.pch";
				INFOPLIST_FILE = "MenuBuddy/MenuBuddy-Info.plist";
				PRODUCT_NAME = "$(TARGET_NAME)";
				WRAPPER_EXTENSION = app;
			};
			name = Debug;
		};
		9110046819D16000009541D0 /* Release */ = {
			isa = XCBuildConfiguration;
			buildSettings = {
				ASSETCATALOG_COMPILER_APPICON_NAME = AppIcon;
				ASSETCATALOG_COMPILER_LAUNCHIMAGE_NAME = LaunchImage;
				GCC_PRECOMPILE_PREFIX_HEADER = YES;
				GCC_PREFIX_HEADER = "MenuBuddy/MenuBuddy-Prefix.pch";
				INFOPLIST_FILE = "MenuBuddy/MenuBuddy-Info.plist";
				PRODUCT_NAME = "$(TARGET_NAME)";
				WRAPPER_EXTENSION = app;
			};
			name = Release;
		};
		9110046A19D16000009541D0 /* Debug */ = {
			isa = XCBuildConfiguration;
			buildSettings = {
				BUNDLE_LOADER = "$(BUILT_PRODUCTS_DIR)/MenuBuddy.app/MenuBuddy";
				FRAMEWORK_SEARCH_PATHS = (
					"$(SDKROOT)/Developer/Library/Frameworks",
					"$(inherited)",
					"$(DEVELOPER_FRAMEWORKS_DIR)",
				);
				GCC_PRECOMPILE_PREFIX_HEADER = YES;
				GCC_PREFIX_HEADER = "MenuBuddy/MenuBuddy-Prefix.pch";
				GCC_PREPROCESSOR_DEFINITIONS = (
					"DEBUG=1",
					"$(inherited)",
				);
				INFOPLIST_FILE = "MenuBuddyTests/MenuBuddyTests-Info.plist";
				PRODUCT_NAME = "$(TARGET_NAME)";
				TEST_HOST = "$(BUNDLE_LOADER)";
				WRAPPER_EXTENSION = xctest;
			};
			name = Debug;
		};
		9110046B19D16000009541D0 /* Release */ = {
			isa = XCBuildConfiguration;
			buildSettings = {
				BUNDLE_LOADER = "$(BUILT_PRODUCTS_DIR)/MenuBuddy.app/MenuBuddy";
				FRAMEWORK_SEARCH_PATHS = (
					"$(SDKROOT)/Developer/Library/Frameworks",
					"$(inherited)",
					"$(DEVELOPER_FRAMEWORKS_DIR)",
				);
				GCC_PRECOMPILE_PREFIX_HEADER = YES;
				GCC_PREFIX_HEADER = "MenuBuddy/MenuBuddy-Prefix.pch";
				INFOPLIST_FILE = "MenuBuddyTests/MenuBuddyTests-Info.plist";
				PRODUCT_NAME = "$(TARGET_NAME)";
				TEST_HOST = "$(BUNDLE_LOADER)";
				WRAPPER_EXTENSION = xctest;
			};
			name = Release;
		};
/* End XCBuildConfiguration section */

/* Begin XCConfigurationList section */
		9110042F19D16000009541D0 /* Build configuration list for PBXProject "MenuBuddy" */ = {
			isa = XCConfigurationList;
			buildConfigurations = (
				9110046419D16000009541D0 /* Debug */,
				9110046519D16000009541D0 /* Release */,
			);
			defaultConfigurationIsVisible = 0;
			defaultConfigurationName = Release;
		};
		9110046619D16000009541D0 /* Build configuration list for PBXNativeTarget "MenuBuddy" */ = {
			isa = XCConfigurationList;
			buildConfigurations = (
				9110046719D16000009541D0 /* Debug */,
				9110046819D16000009541D0 /* Release */,
			);
			defaultConfigurationIsVisible = 0;
			defaultConfigurationName = Release;
		};
		9110046919D16000009541D0 /* Build configuration list for PBXNativeTarget "MenuBuddyTests" */ = {
			isa = XCConfigurationList;
			buildConfigurations = (
				9110046A19D16000009541D0 /* Debug */,
				9110046B19D16000009541D0 /* Release */,
			);
			defaultConfigurationIsVisible = 0;
			defaultConfigurationName = Release;
		};
/* End XCConfigurationList section */
	};
	rootObject = 9110042C19D16000009541D0 /* Project object */;
}
